{
  "nodes": {
    "nixpkgs": {
      "locked": {
        "lastModified": 0,
        "narHash": "sha256-qEotLz24HnHhgmba4drLHIxXG+IKQ7uve5GjUhjWhTU=",
        "path": "/nix/store/8gwzhqn67qm8r5biakx2hxsqiy3jfqmz-source",
        "type": "path"
      },
      "original": {
        "id": "nixpkgs",
        "type": "indirect"
      }
    },
    "root": {
      "inputs": {
        "nixpkgs": "nixpkgs"
      }
    }
  },
  "root": "root",
  "version": 7
}
